
Microsoft Visual Studio Solution File, Format Version 12.00
# Visual Studio Version 17
VisualStudioVersion = 17.2.32526.322
MinimumVisualStudioVersion = 10.0.40219.1
Project("{9A19103F-16F7-4668-BE54-9A1E7A4F7556}") = "ModifyTaste", "ModifyTaste.csproj", "{B4BA9ABE-7938-4BAE-94BF-01C81911BBEB}"
EndProject
Global
	GlobalSection(SolutionConfigurationPlatforms) = preSolution
		Debug|Any CPU = Debug|Any CPU
		Release|Any CPU = Release|Any CPU
	EndGlobalSection
	GlobalSection(ProjectConfigurationPlatforms) = postSolution
		{B4BA9ABE-7938-4BAE-94BF-01C81911BBEB}.Debug|Any CPU.ActiveCfg = Debug|Any CPU
		{B4BA9ABE-7938-4BAE-94BF-01C81911BBEB}.Debug|Any CPU.Build.0 = Debug|Any CPU
		{B4BA9ABE-7938-4BAE-94BF-01C81911BBEB}.Release|Any CPU.ActiveCfg = Release|Any CPU
		{B4BA9ABE-7938-4BAE-94BF-01C81911BBEB}.Release|Any CPU.Build.0 = Release|Any CPU
	EndGlobalSection
	GlobalSection(SolutionProperties) = preSolution
		HideSolutionNode = FALSE
	EndGlobalSection
	GlobalSection(ExtensibilityGlobals) = postSolution
		SolutionGuid = {37CAA852-E7E1-46AF-9D12-797BD18C22F4}
	EndGlobalSection
EndGlobal
